// !$*UTF8*$!
{
	archiveVersion = 1;
	classes = {
	};
	objectVersion = 46;
	objects = {

/* Begin PBXBuildFile section */
		1F45E3E2F5B9ED06A1A347D4 /* Pods_PuntoJalisco.framework in Frameworks */ = {isa = PBXBuildFile; fileRef = 14EAD86AEA8428EFF38B4C45 /* Pods_PuntoJalisco.framework */; };
		72E4BCBA154A277126153F8A /* Pods_PuntoJaliscoTests.framework in Frameworks */ = {isa = PBXBuildFile; fileRef = E91ECF059AE68ED6A6AA06EC /* Pods_PuntoJaliscoTests.framework */; };
		8BFF2CBC1D8C7D100014672B /* PJRouteManager.swift in Sources */ = {isa = PBXBuildFile; fileRef = 8BFF2CBB1D8C7D100014672B /* PJRouteManager.swift */; };
		8BFF2CC01D8C9EC30014672B /* PJRouteDetailViewController.swift in Sources */ = {isa = PBXBuildFile; fileRef = 8BFF2CBF1D8C9EC30014672B /* PJRouteDetailViewController.swift */; };
		DC0724CF1D8B4F9E0030E238 /* PJRouteObject.swift in Sources */ = {isa = PBXBuildFile; fileRef = DC0724CE1D8B4F9D0030E238 /* PJRouteObject.swift */; };
		DC14AD461D7FDD6F0027FBA8 /* AppDelegate.swift in Sources */ = {isa = PBXBuildFile; fileRef = DC14AD451D7FDD6F0027FBA8 /* AppDelegate.swift */; };
		DC14AD4D1D7FDD6F0027FBA8 /* Main.storyboard in Resources */ = {isa = PBXBuildFile; fileRef = DC14AD4B1D7FDD6F0027FBA8 /* Main.storyboard */; };
		DC14AD4F1D7FDD6F0027FBA8 /* Assets.xcassets in Resources */ = {isa = PBXBuildFile; fileRef = DC14AD4E1D7FDD6F0027FBA8 /* Assets.xcassets */; };
		DC14AD521D7FDD6F0027FBA8 /* LaunchScreen.storyboard in Resources */ = {isa = PBXBuildFile; fileRef = DC14AD501D7FDD6F0027FBA8 /* LaunchScreen.storyboard */; };
		DC14AD5D1D7FDD6F0027FBA8 /* PuntoJaliscoTests.swift in Sources */ = {isa = PBXBuildFile; fileRef = DC14AD5C1D7FDD6F0027FBA8 /* PuntoJaliscoTests.swift */; };
		DC14AD681D7FDD6F0027FBA8 /* PuntoJaliscoUITests.swift in Sources */ = {isa = PBXBuildFile; fileRef = DC14AD671D7FDD6F0027FBA8 /* PuntoJaliscoUITests.swift */; };
		DC4DD1391D81318F0094D9F3 /* PJRegisterView.swift in Sources */ = {isa = PBXBuildFile; fileRef = DC4DD1381D81318F0094D9F3 /* PJRegisterView.swift */; };
		DC98D6961D8A666B009E405D /* PJRoutsViewController.swift in Sources */ = {isa = PBXBuildFile; fileRef = DC98D6951D8A666B009E405D /* PJRoutsViewController.swift */; };
		DCB2E4A31D8B527100167B1C /* JSONParser.swift in Sources */ = {isa = PBXBuildFile; fileRef = DCB2E4A21D8B527100167B1C /* JSONParser.swift */; };
		DCBAF2391D82772C003D7BB7 /* AIFlatSwitch.swift in Sources */ = {isa = PBXBuildFile; fileRef = DCBAF2381D82772C003D7BB7 /* AIFlatSwitch.swift */; };
		DCBAF23C1D82852C003D7BB7 /* PJRegisterContainer.swift in Sources */ = {isa = PBXBuildFile; fileRef = DCBAF23B1D82852C003D7BB7 /* PJRegisterContainer.swift */; };
		DCBAF23F1D82A7CB003D7BB7 /* PJNetworkCalls.swift in Sources */ = {isa = PBXBuildFile; fileRef = DCBAF23E1D82A7CB003D7BB7 /* PJNetworkCalls.swift */; };
		DCBAF2411D82AA08003D7BB7 /* Constants.swift in Sources */ = {isa = PBXBuildFile; fileRef = DCBAF2401D82AA08003D7BB7 /* Constants.swift */; };
		DCCEBA0D1D83906A0093024D /* PJMapViewController.swift in Sources */ = {isa = PBXBuildFile; fileRef = DCCEBA0C1D83906A0093024D /* PJMapViewController.swift */; };
		DCD39C831D8BA36300479EC2 /* PJRouteTableViewCell.swift in Sources */ = {isa = PBXBuildFile; fileRef = DCD39C811D8BA36300479EC2 /* PJRouteTableViewCell.swift */; };
		DCD39C841D8BA36300479EC2 /* PJRouteTableViewCell.xib in Resources */ = {isa = PBXBuildFile; fileRef = DCD39C821D8BA36300479EC2 /* PJRouteTableViewCell.xib */; };
		FD081DF91C55C1225E37A6CE /* Pods_PuntoJaliscoUITests.framework in Frameworks */ = {isa = PBXBuildFile; fileRef = CFE98B13980664EC28B42BF3 /* Pods_PuntoJaliscoUITests.framework */; };
/* End PBXBuildFile section */

/* Begin PBXContainerItemProxy section */
		DC14AD591D7FDD6F0027FBA8 /* PBXContainerItemProxy */ = {
			isa = PBXContainerItemProxy;
			containerPortal = DC14AD3A1D7FDD6F0027FBA8 /* Project object */;
			proxyType = 1;
			remoteGlobalIDString = DC14AD411D7FDD6F0027FBA8;
			remoteInfo = PuntoJalisco;
		};
		DC14AD641D7FDD6F0027FBA8 /* PBXContainerItemProxy */ = {
			isa = PBXContainerItemProxy;
			containerPortal = DC14AD3A1D7FDD6F0027FBA8 /* Project object */;
			proxyType = 1;
			remoteGlobalIDString = DC14AD411D7FDD6F0027FBA8;
			remoteInfo = PuntoJalisco;
		};
/* End PBXContainerItemProxy section */

/* Begin PBXFileReference section */
		14EAD86AEA8428EFF38B4C45 /* Pods_PuntoJalisco.framework */ = {isa = PBXFileReference; explicitFileType = wrapper.framework; includeInIndex = 0; path = Pods_PuntoJalisco.framework; sourceTree = BUILT_PRODUCTS_DIR; };
		478D3AB6C7695A0DE27ECAEB /* Pods-PuntoJaliscoTests.debug.xcconfig */ = {isa = PBXFileReference; includeInIndex = 1; lastKnownFileType = text.xcconfig; name = "Pods-PuntoJaliscoTests.debug.xcconfig"; path = "Pods/Target Support Files/Pods-PuntoJaliscoTests/Pods-PuntoJaliscoTests.debug.xcconfig"; sourceTree = "<group>"; };
		4FB65ED49D68A377A5D64129 /* Pods-PuntoJalisco.release.xcconfig */ = {isa = PBXFileReference; includeInIndex = 1; lastKnownFileType = text.xcconfig; name = "Pods-PuntoJalisco.release.xcconfig"; path = "Pods/Target Support Files/Pods-PuntoJalisco/Pods-PuntoJalisco.release.xcconfig"; sourceTree = "<group>"; };
		8BFF2CBB1D8C7D100014672B /* PJRouteManager.swift */ = {isa = PBXFileReference; fileEncoding = 4; lastKnownFileType = sourcecode.swift; path = PJRouteManager.swift; sourceTree = "<group>"; };
		8BFF2CBF1D8C9EC30014672B /* PJRouteDetailViewController.swift */ = {isa = PBXFileReference; fileEncoding = 4; lastKnownFileType = sourcecode.swift; path = PJRouteDetailViewController.swift; sourceTree = "<group>"; };
		969F3A5E8FC53F94F9395584 /* Pods-PuntoJaliscoTests.release.xcconfig */ = {isa = PBXFileReference; includeInIndex = 1; lastKnownFileType = text.xcconfig; name = "Pods-PuntoJaliscoTests.release.xcconfig"; path = "Pods/Target Support Files/Pods-PuntoJaliscoTests/Pods-PuntoJaliscoTests.release.xcconfig"; sourceTree = "<group>"; };
		B44794E708963111C8DF46FF /* Pods-PuntoJaliscoUITests.debug.xcconfig */ = {isa = PBXFileReference; includeInIndex = 1; lastKnownFileType = text.xcconfig; name = "Pods-PuntoJaliscoUITests.debug.xcconfig"; path = "Pods/Target Support Files/Pods-PuntoJaliscoUITests/Pods-PuntoJaliscoUITests.debug.xcconfig"; sourceTree = "<group>"; };
		CFE98B13980664EC28B42BF3 /* Pods_PuntoJaliscoUITests.framework */ = {isa = PBXFileReference; explicitFileType = wrapper.framework; includeInIndex = 0; path = Pods_PuntoJaliscoUITests.framework; sourceTree = BUILT_PRODUCTS_DIR; };
		D006EDDA90AA3147CF308ED4 /* Pods-PuntoJaliscoUITests.release.xcconfig */ = {isa = PBXFileReference; includeInIndex = 1; lastKnownFileType = text.xcconfig; name = "Pods-PuntoJaliscoUITests.release.xcconfig"; path = "Pods/Target Support Files/Pods-PuntoJaliscoUITests/Pods-PuntoJaliscoUITests.release.xcconfig"; sourceTree = "<group>"; };
		DC0724CE1D8B4F9D0030E238 /* PJRouteObject.swift */ = {isa = PBXFileReference; fileEncoding = 4; lastKnownFileType = sourcecode.swift; path = PJRouteObject.swift; sourceTree = "<group>"; };
		DC14AD421D7FDD6F0027FBA8 /* PuntoJalisco.app */ = {isa = PBXFileReference; explicitFileType = wrapper.application; includeInIndex = 0; path = PuntoJalisco.app; sourceTree = BUILT_PRODUCTS_DIR; };
		DC14AD451D7FDD6F0027FBA8 /* AppDelegate.swift */ = {isa = PBXFileReference; lastKnownFileType = sourcecode.swift; path = AppDelegate.swift; sourceTree = "<group>"; };
		DC14AD4C1D7FDD6F0027FBA8 /* Base */ = {isa = PBXFileReference; lastKnownFileType = file.storyboard; name = Base; path = Base.lproj/Main.storyboard; sourceTree = "<group>"; };
		DC14AD4E1D7FDD6F0027FBA8 /* Assets.xcassets */ = {isa = PBXFileReference; lastKnownFileType = folder.assetcatalog; path = Assets.xcassets; sourceTree = "<group>"; };
		DC14AD511D7FDD6F0027FBA8 /* Base */ = {isa = PBXFileReference; lastKnownFileType = file.storyboard; name = Base; path = Base.lproj/LaunchScreen.storyboard; sourceTree = "<group>"; };
		DC14AD531D7FDD6F0027FBA8 /* Info.plist */ = {isa = PBXFileReference; lastKnownFileType = text.plist.xml; path = Info.plist; sourceTree = "<group>"; };
		DC14AD581D7FDD6F0027FBA8 /* PuntoJaliscoTests.xctest */ = {isa = PBXFileReference; explicitFileType = wrapper.cfbundle; includeInIndex = 0; path = PuntoJaliscoTests.xctest; sourceTree = BUILT_PRODUCTS_DIR; };
		DC14AD5C1D7FDD6F0027FBA8 /* PuntoJaliscoTests.swift */ = {isa = PBXFileReference; lastKnownFileType = sourcecode.swift; path = PuntoJaliscoTests.swift; sourceTree = "<group>"; };
		DC14AD5E1D7FDD6F0027FBA8 /* Info.plist */ = {isa = PBXFileReference; lastKnownFileType = text.plist.xml; path = Info.plist; sourceTree = "<group>"; };
		DC14AD631D7FDD6F0027FBA8 /* PuntoJaliscoUITests.xctest */ = {isa = PBXFileReference; explicitFileType = wrapper.cfbundle; includeInIndex = 0; path = PuntoJaliscoUITests.xctest; sourceTree = BUILT_PRODUCTS_DIR; };
		DC14AD671D7FDD6F0027FBA8 /* PuntoJaliscoUITests.swift */ = {isa = PBXFileReference; lastKnownFileType = sourcecode.swift; path = PuntoJaliscoUITests.swift; sourceTree = "<group>"; };
		DC14AD691D7FDD6F0027FBA8 /* Info.plist */ = {isa = PBXFileReference; lastKnownFileType = text.plist.xml; path = Info.plist; sourceTree = "<group>"; };
		DC4DD1381D81318F0094D9F3 /* PJRegisterView.swift */ = {isa = PBXFileReference; fileEncoding = 4; lastKnownFileType = sourcecode.swift; path = PJRegisterView.swift; sourceTree = "<group>"; };
		DC98D6951D8A666B009E405D /* PJRoutsViewController.swift */ = {isa = PBXFileReference; fileEncoding = 4; lastKnownFileType = sourcecode.swift; path = PJRoutsViewController.swift; sourceTree = "<group>"; };
		DCB2E4A21D8B527100167B1C /* JSONParser.swift */ = {isa = PBXFileReference; fileEncoding = 4; lastKnownFileType = sourcecode.swift; path = JSONParser.swift; sourceTree = "<group>"; };
		DCBAF2381D82772C003D7BB7 /* AIFlatSwitch.swift */ = {isa = PBXFileReference; fileEncoding = 4; lastKnownFileType = sourcecode.swift; name = AIFlatSwitch.swift; path = AIFlatSwitch/AIFlatSwitch.swift; sourceTree = "<group>"; };
		DCBAF23B1D82852C003D7BB7 /* PJRegisterContainer.swift */ = {isa = PBXFileReference; fileEncoding = 4; lastKnownFileType = sourcecode.swift; path = PJRegisterContainer.swift; sourceTree = "<group>"; };
		DCBAF23E1D82A7CB003D7BB7 /* PJNetworkCalls.swift */ = {isa = PBXFileReference; fileEncoding = 4; lastKnownFileType = sourcecode.swift; path = PJNetworkCalls.swift; sourceTree = "<group>"; };
		DCBAF2401D82AA08003D7BB7 /* Constants.swift */ = {isa = PBXFileReference; fileEncoding = 4; lastKnownFileType = sourcecode.swift; path = Constants.swift; sourceTree = "<group>"; };
		DCCEBA0C1D83906A0093024D /* PJMapViewController.swift */ = {isa = PBXFileReference; fileEncoding = 4; lastKnownFileType = sourcecode.swift; path = PJMapViewController.swift; sourceTree = "<group>"; };
		DCCEBA0E1D8391E90093024D /* PuntoJalisco-Bridging-Header.h */ = {isa = PBXFileReference; lastKnownFileType = sourcecode.c.h; name = "PuntoJalisco-Bridging-Header.h"; path = "PuntoJalisco/PuntoJalisco-Bridging-Header.h"; sourceTree = "<group>"; };
		DCD39C811D8BA36300479EC2 /* PJRouteTableViewCell.swift */ = {isa = PBXFileReference; fileEncoding = 4; lastKnownFileType = sourcecode.swift; path = PJRouteTableViewCell.swift; sourceTree = "<group>"; };
		DCD39C821D8BA36300479EC2 /* PJRouteTableViewCell.xib */ = {isa = PBXFileReference; fileEncoding = 4; lastKnownFileType = file.xib; path = PJRouteTableViewCell.xib; sourceTree = "<group>"; };
		DF0EDAA697D4EA0181C92684 /* Pods-PuntoJalisco.debug.xcconfig */ = {isa = PBXFileReference; includeInIndex = 1; lastKnownFileType = text.xcconfig; name = "Pods-PuntoJalisco.debug.xcconfig"; path = "Pods/Target Support Files/Pods-PuntoJalisco/Pods-PuntoJalisco.debug.xcconfig"; sourceTree = "<group>"; };
		E91ECF059AE68ED6A6AA06EC /* Pods_PuntoJaliscoTests.framework */ = {isa = PBXFileReference; explicitFileType = wrapper.framework; includeInIndex = 0; path = Pods_PuntoJaliscoTests.framework; sourceTree = BUILT_PRODUCTS_DIR; };
/* End PBXFileReference section */

/* Begin PBXFrameworksBuildPhase section */
		DC14AD3F1D7FDD6F0027FBA8 /* Frameworks */ = {
			isa = PBXFrameworksBuildPhase;
			buildActionMask = 2147483647;
			files = (
				1F45E3E2F5B9ED06A1A347D4 /* Pods_PuntoJalisco.framework in Frameworks */,
			);
			runOnlyForDeploymentPostprocessing = 0;
		};
		DC14AD551D7FDD6F0027FBA8 /* Frameworks */ = {
			isa = PBXFrameworksBuildPhase;
			buildActionMask = 2147483647;
			files = (
				72E4BCBA154A277126153F8A /* Pods_PuntoJaliscoTests.framework in Frameworks */,
			);
			runOnlyForDeploymentPostprocessing = 0;
		};
		DC14AD601D7FDD6F0027FBA8 /* Frameworks */ = {
			isa = PBXFrameworksBuildPhase;
			buildActionMask = 2147483647;
			files = (
				FD081DF91C55C1225E37A6CE /* Pods_PuntoJaliscoUITests.framework in Frameworks */,
			);
			runOnlyForDeploymentPostprocessing = 0;
		};
/* End PBXFrameworksBuildPhase section */

/* Begin PBXGroup section */
		4B29C0350512DE414EEA8A90 /* Frameworks */ = {
			isa = PBXGroup;
			children = (
				14EAD86AEA8428EFF38B4C45 /* Pods_PuntoJalisco.framework */,
				E91ECF059AE68ED6A6AA06EC /* Pods_PuntoJaliscoTests.framework */,
				CFE98B13980664EC28B42BF3 /* Pods_PuntoJaliscoUITests.framework */,
			);
			name = Frameworks;
			sourceTree = "<group>";
		};
		8BFF2CBA1D8C7CF50014672B /* RouteManager */ = {
			isa = PBXGroup;
			children = (
				8BFF2CBB1D8C7D100014672B /* PJRouteManager.swift */,
			);
			name = RouteManager;
			sourceTree = "<group>";
		};
		DC14AD391D7FDD6F0027FBA8 = {
			isa = PBXGroup;
			children = (
				DCCEBA0E1D8391E90093024D /* PuntoJalisco-Bridging-Header.h */,
				DC14AD441D7FDD6F0027FBA8 /* PuntoJalisco */,
				DC14AD5B1D7FDD6F0027FBA8 /* PuntoJaliscoTests */,
				DC14AD661D7FDD6F0027FBA8 /* PuntoJaliscoUITests */,
				DC14AD431D7FDD6F0027FBA8 /* Products */,
				FA3FBDDDB225ADEDC426A58A /* Pods */,
				4B29C0350512DE414EEA8A90 /* Frameworks */,
			);
			sourceTree = "<group>";
		};
		DC14AD431D7FDD6F0027FBA8 /* Products */ = {
			isa = PBXGroup;
			children = (
				DC14AD421D7FDD6F0027FBA8 /* PuntoJalisco.app */,
				DC14AD581D7FDD6F0027FBA8 /* PuntoJaliscoTests.xctest */,
				DC14AD631D7FDD6F0027FBA8 /* PuntoJaliscoUITests.xctest */,
			);
			name = Products;
			sourceTree = "<group>";
		};
		DC14AD441D7FDD6F0027FBA8 /* PuntoJalisco */ = {
			isa = PBXGroup;
			children = (
				DCBAF23D1D82A79A003D7BB7 /* Network */,
				DCBAF2361D827626003D7BB7 /* Utilities */,
				DC4DD13C1D8131B50094D9F3 /* AppDelegate */,
				DC1DFF631D8B4E63008699A8 /* Model */,
				DC4DD13B1D8131A00094D9F3 /* Views */,
				DC4DD13A1D8131940094D9F3 /* Controllers */,
				DC14AD4E1D7FDD6F0027FBA8 /* Assets.xcassets */,
				DC14AD531D7FDD6F0027FBA8 /* Info.plist */,
			);
			path = PuntoJalisco;
			sourceTree = "<group>";
		};
		DC14AD5B1D7FDD6F0027FBA8 /* PuntoJaliscoTests */ = {
			isa = PBXGroup;
			children = (
				DC14AD5C1D7FDD6F0027FBA8 /* PuntoJaliscoTests.swift */,
				DC14AD5E1D7FDD6F0027FBA8 /* Info.plist */,
			);
			path = PuntoJaliscoTests;
			sourceTree = "<group>";
		};
		DC14AD661D7FDD6F0027FBA8 /* PuntoJaliscoUITests */ = {
			isa = PBXGroup;
			children = (
				DC14AD671D7FDD6F0027FBA8 /* PuntoJaliscoUITests.swift */,
				DC14AD691D7FDD6F0027FBA8 /* Info.plist */,
			);
			path = PuntoJaliscoUITests;
			sourceTree = "<group>";
		};
		DC1DFF631D8B4E63008699A8 /* Model */ = {
			isa = PBXGroup;
			children = (
				DC0724CE1D8B4F9D0030E238 /* PJRouteObject.swift */,
			);
			name = Model;
			sourceTree = "<group>";
		};
		DC4DD13A1D8131940094D9F3 /* Controllers */ = {
			isa = PBXGroup;
			children = (
				8BFF2CBA1D8C7CF50014672B /* RouteManager */,
				DC4DD1381D81318F0094D9F3 /* PJRegisterView.swift */,
				DCBAF23B1D82852C003D7BB7 /* PJRegisterContainer.swift */,
				DCCEBA0C1D83906A0093024D /* PJMapViewController.swift */,
				DC98D6951D8A666B009E405D /* PJRoutsViewController.swift */,
				8BFF2CBF1D8C9EC30014672B /* PJRouteDetailViewController.swift */,
			);
			name = Controllers;
			sourceTree = "<group>";
		};
		DC4DD13B1D8131A00094D9F3 /* Views */ = {
			isa = PBXGroup;
			children = (
				DCD39C801D8BA02100479EC2 /* Cells */,
				DC14AD4B1D7FDD6F0027FBA8 /* Main.storyboard */,
				DC14AD501D7FDD6F0027FBA8 /* LaunchScreen.storyboard */,
			);
			name = Views;
			sourceTree = "<group>";
		};
		DC4DD13C1D8131B50094D9F3 /* AppDelegate */ = {
			isa = PBXGroup;
			children = (
				DC14AD451D7FDD6F0027FBA8 /* AppDelegate.swift */,
			);
			name = AppDelegate;
			sourceTree = "<group>";
		};
		DCBAF2361D827626003D7BB7 /* Utilities */ = {
			isa = PBXGroup;
			children = (
				DCBAF2371D82762E003D7BB7 /* Switch */,
				DCBAF2401D82AA08003D7BB7 /* Constants.swift */,
				DCB2E4A21D8B527100167B1C /* JSONParser.swift */,
			);
			name = Utilities;
			sourceTree = "<group>";
		};
		DCBAF2371D82762E003D7BB7 /* Switch */ = {
			isa = PBXGroup;
			children = (
				DCBAF2381D82772C003D7BB7 /* AIFlatSwitch.swift */,
			);
			name = Switch;
			sourceTree = "<group>";
		};
		DCBAF23D1D82A79A003D7BB7 /* Network */ = {
			isa = PBXGroup;
			children = (
				DCBAF23E1D82A7CB003D7BB7 /* PJNetworkCalls.swift */,
			);
			name = Network;
			sourceTree = "<group>";
		};
		DCD39C801D8BA02100479EC2 /* Cells */ = {
			isa = PBXGroup;
			children = (
				DCD39C811D8BA36300479EC2 /* PJRouteTableViewCell.swift */,
				DCD39C821D8BA36300479EC2 /* PJRouteTableViewCell.xib */,
			);
			name = Cells;
			sourceTree = "<group>";
		};
		FA3FBDDDB225ADEDC426A58A /* Pods */ = {
			isa = PBXGroup;
			children = (
				DF0EDAA697D4EA0181C92684 /* Pods-PuntoJalisco.debug.xcconfig */,
				4FB65ED49D68A377A5D64129 /* Pods-PuntoJalisco.release.xcconfig */,
				478D3AB6C7695A0DE27ECAEB /* Pods-PuntoJaliscoTests.debug.xcconfig */,
				969F3A5E8FC53F94F9395584 /* Pods-PuntoJaliscoTests.release.xcconfig */,
				B44794E708963111C8DF46FF /* Pods-PuntoJaliscoUITests.debug.xcconfig */,
				D006EDDA90AA3147CF308ED4 /* Pods-PuntoJaliscoUITests.release.xcconfig */,
			);
			name = Pods;
			sourceTree = "<group>";
		};
/* End PBXGroup section */

/* Begin PBXNativeTarget section */
		DC14AD411D7FDD6F0027FBA8 /* PuntoJalisco */ = {
			isa = PBXNativeTarget;
			buildConfigurationList = DC14AD6C1D7FDD6F0027FBA8 /* Build configuration list for PBXNativeTarget "PuntoJalisco" */;
			buildPhases = (
				4C0A151250FAC7A87C5CC488 /* [CP] Check Pods Manifest.lock */,
				DC14AD3E1D7FDD6F0027FBA8 /* Sources */,
				DC14AD3F1D7FDD6F0027FBA8 /* Frameworks */,
				DC14AD401D7FDD6F0027FBA8 /* Resources */,
				562D469CD71E5BE088539B2F /* [CP] Embed Pods Frameworks */,
				4BDB0390347E43454C4C14EA /* [CP] Copy Pods Resources */,
			);
			buildRules = (
			);
			dependencies = (
			);
			name = PuntoJalisco;
			productName = PuntoJalisco;
			productReference = DC14AD421D7FDD6F0027FBA8 /* PuntoJalisco.app */;
			productType = "com.apple.product-type.application";
		};
		DC14AD571D7FDD6F0027FBA8 /* PuntoJaliscoTests */ = {
			isa = PBXNativeTarget;
			buildConfigurationList = DC14AD6F1D7FDD6F0027FBA8 /* Build configuration list for PBXNativeTarget "PuntoJaliscoTests" */;
			buildPhases = (
				42923F4014E8B8FD724ECB2B /* [CP] Check Pods Manifest.lock */,
				DC14AD541D7FDD6F0027FBA8 /* Sources */,
				DC14AD551D7FDD6F0027FBA8 /* Frameworks */,
				DC14AD561D7FDD6F0027FBA8 /* Resources */,
				A6ECA412E305246A72F5F2EF /* [CP] Embed Pods Frameworks */,
				191E3445E234EAF253ACA48E /* [CP] Copy Pods Resources */,
			);
			buildRules = (
			);
			dependencies = (
				DC14AD5A1D7FDD6F0027FBA8 /* PBXTargetDependency */,
			);
			name = PuntoJaliscoTests;
			productName = PuntoJaliscoTests;
			productReference = DC14AD581D7FDD6F0027FBA8 /* PuntoJaliscoTests.xctest */;
			productType = "com.apple.product-type.bundle.unit-test";
		};
		DC14AD621D7FDD6F0027FBA8 /* PuntoJaliscoUITests */ = {
			isa = PBXNativeTarget;
			buildConfigurationList = DC14AD721D7FDD6F0027FBA8 /* Build configuration list for PBXNativeTarget "PuntoJaliscoUITests" */;
			buildPhases = (
				C4DBAACB824009C459F28A03 /* [CP] Check Pods Manifest.lock */,
				DC14AD5F1D7FDD6F0027FBA8 /* Sources */,
				DC14AD601D7FDD6F0027FBA8 /* Frameworks */,
				DC14AD611D7FDD6F0027FBA8 /* Resources */,
				16EA5C5F1DE5D0981DB8B47B /* [CP] Copy Pods Resources */,
			);
			buildRules = (
			);
			dependencies = (
				DC14AD651D7FDD6F0027FBA8 /* PBXTargetDependency */,
			);
			name = PuntoJaliscoUITests;
			productName = PuntoJaliscoUITests;
			productReference = DC14AD631D7FDD6F0027FBA8 /* PuntoJaliscoUITests.xctest */;
			productType = "com.apple.product-type.bundle.ui-testing";
		};
/* End PBXNativeTarget section */

/* Begin PBXProject section */
		DC14AD3A1D7FDD6F0027FBA8 /* Project object */ = {
			isa = PBXProject;
			attributes = {
				LastSwiftUpdateCheck = 0730;
				LastUpgradeCheck = 0730;
				ORGANIZATIONNAME = Felix;
				TargetAttributes = {
					DC14AD411D7FDD6F0027FBA8 = {
						CreatedOnToolsVersion = 7.3;
						DevelopmentTeam = NNWZVWTFJB;
					};
					DC14AD571D7FDD6F0027FBA8 = {
						CreatedOnToolsVersion = 7.3;
						TestTargetID = DC14AD411D7FDD6F0027FBA8;
					};
					DC14AD621D7FDD6F0027FBA8 = {
						CreatedOnToolsVersion = 7.3;
						TestTargetID = DC14AD411D7FDD6F0027FBA8;
					};
				};
			};
			buildConfigurationList = DC14AD3D1D7FDD6F0027FBA8 /* Build configuration list for PBXProject "PuntoJalisco" */;
			compatibilityVersion = "Xcode 3.2";
			developmentRegion = English;
			hasScannedForEncodings = 0;
			knownRegions = (
				en,
				Base,
			);
			mainGroup = DC14AD391D7FDD6F0027FBA8;
			productRefGroup = DC14AD431D7FDD6F0027FBA8 /* Products */;
			projectDirPath = "";
			projectRoot = "";
			targets = (
				DC14AD411D7FDD6F0027FBA8 /* PuntoJalisco */,
				DC14AD571D7FDD6F0027FBA8 /* PuntoJaliscoTests */,
				DC14AD621D7FDD6F0027FBA8 /* PuntoJaliscoUITests */,
			);
		};
/* End PBXProject section */

/* Begin PBXResourcesBuildPhase section */
		DC14AD401D7FDD6F0027FBA8 /* Resources */ = {
			isa = PBXResourcesBuildPhase;
			buildActionMask = 2147483647;
			files = (
				DC14AD521D7FDD6F0027FBA8 /* LaunchScreen.storyboard in Resources */,
				DCD39C841D8BA36300479EC2 /* PJRouteTableViewCell.xib in Resources */,
				DC14AD4F1D7FDD6F0027FBA8 /* Assets.xcassets in Resources */,
				DC14AD4D1D7FDD6F0027FBA8 /* Main.storyboard in Resources */,
			);
			runOnlyForDeploymentPostprocessing = 0;
		};
		DC14AD561D7FDD6F0027FBA8 /* Resources */ = {
			isa = PBXResourcesBuildPhase;
			buildActionMask = 2147483647;
			files = (
			);
			runOnlyForDeploymentPostprocessing = 0;
		};
		DC14AD611D7FDD6F0027FBA8 /* Resources */ = {
			isa = PBXResourcesBuildPhase;
			buildActionMask = 2147483647;
			files = (
			);
			runOnlyForDeploymentPostprocessing = 0;
		};
/* End PBXResourcesBuildPhase section */

/* Begin PBXShellScriptBuildPhase section */
		16EA5C5F1DE5D0981DB8B47B /* [CP] Copy Pods Resources */ = {
			isa = PBXShellScriptBuildPhase;
			buildActionMask = 2147483647;
			files = (
			);
			inputPaths = (
			);
			name = "[CP] Copy Pods Resources";
			outputPaths = (
			);
			runOnlyForDeploymentPostprocessing = 0;
			shellPath = /bin/sh;
			shellScript = "\"${SRCROOT}/Pods/Target Support Files/Pods-PuntoJaliscoUITests/Pods-PuntoJaliscoUITests-resources.sh\"\n";
			showEnvVarsInLog = 0;
		};
		191E3445E234EAF253ACA48E /* [CP] Copy Pods Resources */ = {
			isa = PBXShellScriptBuildPhase;
			buildActionMask = 2147483647;
			files = (
			);
			inputPaths = (
			);
			name = "[CP] Copy Pods Resources";
			outputPaths = (
			);
			runOnlyForDeploymentPostprocessing = 0;
			shellPath = /bin/sh;
			shellScript = "\"${SRCROOT}/Pods/Target Support Files/Pods-PuntoJaliscoTests/Pods-PuntoJaliscoTests-resources.sh\"\n";
			showEnvVarsInLog = 0;
		};
		42923F4014E8B8FD724ECB2B /* [CP] Check Pods Manifest.lock */ = {
			isa = PBXShellScriptBuildPhase;
			buildActionMask = 2147483647;
			files = (
			);
			inputPaths = (
			);
			name = "[CP] Check Pods Manifest.lock";
			outputPaths = (
			);
			runOnlyForDeploymentPostprocessing = 0;
			shellPath = /bin/sh;
			shellScript = "diff \"${PODS_ROOT}/../Podfile.lock\" \"${PODS_ROOT}/Manifest.lock\" > /dev/null\nif [[ $? != 0 ]] ; then\n    cat << EOM\nerror: The sandbox is not in sync with the Podfile.lock. Run 'pod install' or update your CocoaPods installation.\nEOM\n    exit 1\nfi\n";
			showEnvVarsInLog = 0;
		};
		4BDB0390347E43454C4C14EA /* [CP] Copy Pods Resources */ = {
			isa = PBXShellScriptBuildPhase;
			buildActionMask = 2147483647;
			files = (
			);
			inputPaths = (
			);
			name = "[CP] Copy Pods Resources";
			outputPaths = (
			);
			runOnlyForDeploymentPostprocessing = 0;
			shellPath = /bin/sh;
			shellScript = "\"${SRCROOT}/Pods/Target Support Files/Pods-PuntoJalisco/Pods-PuntoJalisco-resources.sh\"\n";
			showEnvVarsInLog = 0;
		};
		4C0A151250FAC7A87C5CC488 /* [CP] Check Pods Manifest.lock */ = {
			isa = PBXShellScriptBuildPhase;
			buildActionMask = 2147483647;
			files = (
			);
			inputPaths = (
			);
			name = "[CP] Check Pods Manifest.lock";
			outputPaths = (
			);
			runOnlyForDeploymentPostprocessing = 0;
			shellPath = /bin/sh;
			shellScript = "diff \"${PODS_ROOT}/../Podfile.lock\" \"${PODS_ROOT}/Manifest.lock\" > /dev/null\nif [[ $? != 0 ]] ; then\n    cat << EOM\nerror: The sandbox is not in sync with the Podfile.lock. Run 'pod install' or update your CocoaPods installation.\nEOM\n    exit 1\nfi\n";
			showEnvVarsInLog = 0;
		};
		562D469CD71E5BE088539B2F /* [CP] Embed Pods Frameworks */ = {
			isa = PBXShellScriptBuildPhase;
			buildActionMask = 2147483647;
			files = (
			);
			inputPaths = (
			);
			name = "[CP] Embed Pods Frameworks";
			outputPaths = (
			);
			runOnlyForDeploymentPostprocessing = 0;
			shellPath = /bin/sh;
			shellScript = "\"${SRCROOT}/Pods/Target Support Files/Pods-PuntoJalisco/Pods-PuntoJalisco-frameworks.sh\"\n";
			showEnvVarsInLog = 0;
		};
		A6ECA412E305246A72F5F2EF /* [CP] Embed Pods Frameworks */ = {
			isa = PBXShellScriptBuildPhase;
			buildActionMask = 2147483647;
			files = (
			);
			inputPaths = (
			);
			name = "[CP] Embed Pods Frameworks";
			outputPaths = (
			);
			runOnlyForDeploymentPostprocessing = 0;
			shellPath = /bin/sh;
			shellScript = "\"${SRCROOT}/Pods/Target Support Files/Pods-PuntoJaliscoTests/Pods-PuntoJaliscoTests-frameworks.sh\"\n";
			showEnvVarsInLog = 0;
		};
		C4DBAACB824009C459F28A03 /* [CP] Check Pods Manifest.lock */ = {
			isa = PBXShellScriptBuildPhase;
			buildActionMask = 2147483647;
			files = (
			);
			inputPaths = (
			);
			name = "[CP] Check Pods Manifest.lock";
			outputPaths = (
			);
			runOnlyForDeploymentPostprocessing = 0;
			shellPath = /bin/sh;
			shellScript = "diff \"${PODS_ROOT}/../Podfile.lock\" \"${PODS_ROOT}/Manifest.lock\" > /dev/null\nif [[ $? != 0 ]] ; then\n    cat << EOM\nerror: The sandbox is not in sync with the Podfile.lock. Run 'pod install' or update your CocoaPods installation.\nEOM\n    exit 1\nfi\n";
			showEnvVarsInLog = 0;
		};
/* End PBXShellScriptBuildPhase section */

/* Begin PBXSourcesBuildPhase section */
		DC14AD3E1D7FDD6F0027FBA8 /* Sources */ = {
			isa = PBXSourcesBuildPhase;
			buildActionMask = 2147483647;
			files = (
				8BFF2CC01D8C9EC30014672B /* PJRouteDetailViewController.swift in Sources */,
				DCBAF2391D82772C003D7BB7 /* AIFlatSwitch.swift in Sources */,
				DC0724CF1D8B4F9E0030E238 /* PJRouteObject.swift in Sources */,
				DC14AD461D7FDD6F0027FBA8 /* AppDelegate.swift in Sources */,
				8BFF2CBC1D8C7D100014672B /* PJRouteManager.swift in Sources */,
				DCBAF23C1D82852C003D7BB7 /* PJRegisterContainer.swift in Sources */,
				DCCEBA0D1D83906A0093024D /* PJMapViewController.swift in Sources */,
				DC98D6961D8A666B009E405D /* PJRoutsViewController.swift in Sources */,
				DCB2E4A31D8B527100167B1C /* JSONParser.swift in Sources */,
				DCBAF23F1D82A7CB003D7BB7 /* PJNetworkCalls.swift in Sources */,
				DCD39C831D8BA36300479EC2 /* PJRouteTableViewCell.swift in Sources */,
				DC4DD1391D81318F0094D9F3 /* PJRegisterView.swift in Sources */,
				DCBAF2411D82AA08003D7BB7 /* Constants.swift in Sources */,
			);
			runOnlyForDeploymentPostprocessing = 0;
		};
		DC14AD541D7FDD6F0027FBA8 /* Sources */ = {
			isa = PBXSourcesBuildPhase;
			buildActionMask = 2147483647;
			files = (
				DC14AD5D1D7FDD6F0027FBA8 /* PuntoJaliscoTests.swift in Sources */,
			);
			runOnlyForDeploymentPostprocessing = 0;
		};
		DC14AD5F1D7FDD6F0027FBA8 /* Sources */ = {
			isa = PBXSourcesBuildPhase;
			buildActionMask = 2147483647;
			files = (
				DC14AD681D7FDD6F0027FBA8 /* PuntoJaliscoUITests.swift in Sources */,
			);
			runOnlyForDeploymentPostprocessing = 0;
		};
/* End PBXSourcesBuildPhase section */

/* Begin PBXTargetDependency section */
		DC14AD5A1D7FDD6F0027FBA8 /* PBXTargetDependency */ = {
			isa = PBXTargetDependency;
			target = DC14AD411D7FDD6F0027FBA8 /* PuntoJalisco */;
			targetProxy = DC14AD591D7FDD6F0027FBA8 /* PBXContainerItemProxy */;
		};
		DC14AD651D7FDD6F0027FBA8 /* PBXTargetDependency */ = {
			isa = PBXTargetDependency;
			target = DC14AD411D7FDD6F0027FBA8 /* PuntoJalisco */;
			targetProxy = DC14AD641D7FDD6F0027FBA8 /* PBXContainerItemProxy */;
		};
/* End PBXTargetDependency section */

/* Begin PBXVariantGroup section */
		DC14AD4B1D7FDD6F0027FBA8 /* Main.storyboard */ = {
			isa = PBXVariantGroup;
			children = (
				DC14AD4C1D7FDD6F0027FBA8 /* Base */,
			);
			name = Main.storyboard;
			sourceTree = "<group>";
		};
		DC14AD501D7FDD6F0027FBA8 /* LaunchScreen.storyboard */ = {
			isa = PBXVariantGroup;
			children = (
				DC14AD511D7FDD6F0027FBA8 /* Base */,
			);
			name = LaunchScreen.storyboard;
			sourceTree = "<group>";
		};
/* End PBXVariantGroup section */

/* Begin XCBuildConfiguration section */
		DC14AD6A1D7FDD6F0027FBA8 /* Debug */ = {
			isa = XCBuildConfiguration;
			buildSettings = {
				ALWAYS_SEARCH_USER_PATHS = NO;
				CLANG_ANALYZER_NONNULL = YES;
				CLANG_CXX_LANGUAGE_STANDARD = "gnu++0x";
				CLANG_CXX_LIBRARY = "libc++";
				CLANG_ENABLE_MODULES = YES;
				CLANG_ENABLE_OBJC_ARC = YES;
				CLANG_WARN_BOOL_CONVERSION = YES;
				CLANG_WARN_CONSTANT_CONVERSION = YES;
				CLANG_WARN_DIRECT_OBJC_ISA_USAGE = YES_ERROR;
				CLANG_WARN_EMPTY_BODY = YES;
				CLANG_WARN_ENUM_CONVERSION = YES;
				CLANG_WARN_INT_CONVERSION = YES;
				CLANG_WARN_OBJC_ROOT_CLASS = YES_ERROR;
				CLANG_WARN_UNREACHABLE_CODE = YES;
				CLANG_WARN__DUPLICATE_METHOD_MATCH = YES;
				"CODE_SIGN_IDENTITY[sdk=iphoneos*]" = "iPhone Developer";
				COPY_PHASE_STRIP = NO;
				DEBUG_INFORMATION_FORMAT = dwarf;
				ENABLE_STRICT_OBJC_MSGSEND = YES;
				ENABLE_TESTABILITY = YES;
				GCC_C_LANGUAGE_STANDARD = gnu99;
				GCC_DYNAMIC_NO_PIC = NO;
				GCC_NO_COMMON_BLOCKS = YES;
				GCC_OPTIMIZATION_LEVEL = 0;
				GCC_PREPROCESSOR_DEFINITIONS = (
					"DEBUG=1",
					"$(inherited)",
				);
				GCC_WARN_64_TO_32_BIT_CONVERSION = YES;
				GCC_WARN_ABOUT_RETURN_TYPE = YES_ERROR;
				GCC_WARN_UNDECLARED_SELECTOR = YES;
				GCC_WARN_UNINITIALIZED_AUTOS = YES_AGGRESSIVE;
				GCC_WARN_UNUSED_FUNCTION = YES;
				GCC_WARN_UNUSED_VARIABLE = YES;
				IPHONEOS_DEPLOYMENT_TARGET = 9.3;
				MTL_ENABLE_DEBUG_INFO = YES;
				ONLY_ACTIVE_ARCH = YES;
				SDKROOT = iphoneos;
				SWIFT_OPTIMIZATION_LEVEL = "-Onone";
			};
			name = Debug;
		};
		DC14AD6B1D7FDD6F0027FBA8 /* Release */ = {
			isa = XCBuildConfiguration;
			buildSettings = {
				ALWAYS_SEARCH_USER_PATHS = NO;
				CLANG_ANALYZER_NONNULL = YES;
				CLANG_CXX_LANGUAGE_STANDARD = "gnu++0x";
				CLANG_CXX_LIBRARY = "libc++";
				CLANG_ENABLE_MODULES = YES;
				CLANG_ENABLE_OBJC_ARC = YES;
				CLANG_WARN_BOOL_CONVERSION = YES;
				CLANG_WARN_CONSTANT_CONVERSION = YES;
				CLANG_WARN_DIRECT_OBJC_ISA_USAGE = YES_ERROR;
				CLANG_WARN_EMPTY_BODY = YES;
				CLANG_WARN_ENUM_CONVERSION = YES;
				CLANG_WARN_INT_CONVERSION = YES;
				CLANG_WARN_OBJC_ROOT_CLASS = YES_ERROR;
				CLANG_WARN_UNREACHABLE_CODE = YES;
				CLANG_WARN__DUPLICATE_METHOD_MATCH = YES;
				"CODE_SIGN_IDENTITY[sdk=iphoneos*]" = "iPhone Developer";
				COPY_PHASE_STRIP = NO;
				DEBUG_INFORMATION_FORMAT = "dwarf-with-dsym";
				ENABLE_NS_ASSERTIONS = NO;
				ENABLE_STRICT_OBJC_MSGSEND = YES;
				GCC_C_LANGUAGE_STANDARD = gnu99;
				GCC_NO_COMMON_BLOCKS = YES;
				GCC_WARN_64_TO_32_BIT_CONVERSION = YES;
				GCC_WARN_ABOUT_RETURN_TYPE = YES_ERROR;
				GCC_WARN_UNDECLARED_SELECTOR = YES;
				GCC_WARN_UNINITIALIZED_AUTOS = YES_AGGRESSIVE;
				GCC_WARN_UNUSED_FUNCTION = YES;
				GCC_WARN_UNUSED_VARIABLE = YES;
				IPHONEOS_DEPLOYMENT_TARGET = 9.3;
				MTL_ENABLE_DEBUG_INFO = NO;
				SDKROOT = iphoneos;
				VALIDATE_PRODUCT = YES;
			};
			name = Release;
		};
		DC14AD6D1D7FDD6F0027FBA8 /* Debug */ = {
			isa = XCBuildConfiguration;
			baseConfigurationReference = DF0EDAA697D4EA0181C92684 /* Pods-PuntoJalisco.debug.xcconfig */;
			buildSettings = {
				ASSETCATALOG_COMPILER_APPICON_NAME = AppIcon;
				CODE_SIGN_IDENTITY = "iPhone Developer";
				INFOPLIST_FILE = PuntoJalisco/Info.plist;
				IPHONEOS_DEPLOYMENT_TARGET = 9.3;
				LD_RUNPATH_SEARCH_PATHS = "$(inherited) @executable_path/Frameworks";
				PRODUCT_BUNDLE_IDENTIFIER = mx.avidos.PuntoJalisco;
				PRODUCT_NAME = "$(TARGET_NAME)";
				SWIFT_OBJC_BRIDGING_HEADER = "PuntoJalisco/PuntoJalisco-Bridging-Header.h";
			};
			name = Debug;
		};
		DC14AD6E1D7FDD6F0027FBA8 /* Release */ = {
			isa = XCBuildConfiguration;
			baseConfigurationReference = 4FB65ED49D68A377A5D64129 /* Pods-PuntoJalisco.release.xcconfig */;
			buildSettings = {
				ASSETCATALOG_COMPILER_APPICON_NAME = AppIcon;
				CODE_SIGN_IDENTITY = "iPhone Developer";
				INFOPLIST_FILE = PuntoJalisco/Info.plist;
				IPHONEOS_DEPLOYMENT_TARGET = 9.3;
				LD_RUNPATH_SEARCH_PATHS = "$(inherited) @executable_path/Frameworks";
				PRODUCT_BUNDLE_IDENTIFIER = mx.avidos.PuntoJalisco;
				PRODUCT_NAME = "$(TARGET_NAME)";
				SWIFT_OBJC_BRIDGING_HEADER = "PuntoJalisco/PuntoJalisco-Bridging-Header.h";
			};
			name = Release;
		};
		DC14AD701D7FDD6F0027FBA8 /* Debug */ = {
			isa = XCBuildConfiguration;
			baseConfigurationReference = 478D3AB6C7695A0DE27ECAEB /* Pods-PuntoJaliscoTests.debug.xcconfig */;
			buildSettings = {
				BUNDLE_LOADER = "$(TEST_HOST)";
				INFOPLIST_FILE = PuntoJaliscoTests/Info.plist;
				LD_RUNPATH_SEARCH_PATHS = "$(inherited) @executable_path/Frameworks @loader_path/Frameworks";
				PRODUCT_BUNDLE_IDENTIFIER = mx.avidos.PuntoJaliscoTests;
				PRODUCT_NAME = "$(TARGET_NAME)";
				TEST_HOST = "$(BUILT_PRODUCTS_DIR)/PuntoJalisco.app/PuntoJalisco";
			};
			name = Debug;
		};
		DC14AD711D7FDD6F0027FBA8 /* Release */ = {
			isa = XCBuildConfiguration;
			baseConfigurationReference = 969F3A5E8FC53F94F9395584 /* Pods-PuntoJaliscoTests.release.xcconfig */;
			buildSettings = {
				BUNDLE_LOADER = "$(TEST_HOST)";
				INFOPLIST_FILE = PuntoJaliscoTests/Info.plist;
				LD_RUNPATH_SEARCH_PATHS = "$(inherited) @executable_path/Frameworks @loader_path/Frameworks";
				PRODUCT_BUNDLE_IDENTIFIER = mx.avidos.PuntoJaliscoTests;
				PRODUCT_NAME = "$(TARGET_NAME)";
				TEST_HOST = "$(BUILT_PRODUCTS_DIR)/PuntoJalisco.app/PuntoJalisco";
			};
			name = Release;
		};
		DC14AD731D7FDD6F0027FBA8 /* Debug */ = {
			isa = XCBuildConfiguration;
			baseConfigurationReference = B44794E708963111C8DF46FF /* Pods-PuntoJaliscoUITests.debug.xcconfig */;
			buildSettings = {
				INFOPLIST_FILE = PuntoJaliscoUITests/Info.plist;
				LD_RUNPATH_SEARCH_PATHS = "$(inherited) @executable_path/Frameworks @loader_path/Frameworks";
				PRODUCT_BUNDLE_IDENTIFIER = mx.avidos.PuntoJaliscoUITests;
				PRODUCT_NAME = "$(TARGET_NAME)";
				TEST_TARGET_NAME = PuntoJalisco;
			};
			name = Debug;
		};
		DC14AD741D7FDD6F0027FBA8 /* Release */ = {
			isa = XCBuildConfiguration;
			baseConfigurationReference = D006EDDA90AA3147CF308ED4 /* Pods-PuntoJaliscoUITests.release.xcconfig */;
			buildSettings = {
				INFOPLIST_FILE = PuntoJaliscoUITests/Info.plist;
				LD_RUNPATH_SEARCH_PATHS = "$(inherited) @executable_path/Frameworks @loader_path/Frameworks";
				PRODUCT_BUNDLE_IDENTIFIER = mx.avidos.PuntoJaliscoUITests;
				PRODUCT_NAME = "$(TARGET_NAME)";
				TEST_TARGET_NAME = PuntoJalisco;
			};
			name = Release;
		};
/* End XCBuildConfiguration section */

/* Begin XCConfigurationList section */
		DC14AD3D1D7FDD6F0027FBA8 /* Build configuration list for PBXProject "PuntoJalisco" */ = {
			isa = XCConfigurationList;
			buildConfigurations = (
				DC14AD6A1D7FDD6F0027FBA8 /* Debug */,
				DC14AD6B1D7FDD6F0027FBA8 /* Release */,
			);
			defaultConfigurationIsVisible = 0;
			defaultConfigurationName = Release;
		};
		DC14AD6C1D7FDD6F0027FBA8 /* Build configuration list for PBXNativeTarget "PuntoJalisco" */ = {
			isa = XCConfigurationList;
			buildConfigurations = (
				DC14AD6D1D7FDD6F0027FBA8 /* Debug */,
				DC14AD6E1D7FDD6F0027FBA8 /* Release */,
			);
			defaultConfigurationIsVisible = 0;
			defaultConfigurationName = Release;
		};
		DC14AD6F1D7FDD6F0027FBA8 /* Build configuration list for PBXNativeTarget "PuntoJaliscoTests" */ = {
			isa = XCConfigurationList;
			buildConfigurations = (
				DC14AD701D7FDD6F0027FBA8 /* Debug */,
				DC14AD711D7FDD6F0027FBA8 /* Release */,
			);
			defaultConfigurationIsVisible = 0;
			defaultConfigurationName = Release;
		};
		DC14AD721D7FDD6F0027FBA8 /* Build configuration list for PBXNativeTarget "PuntoJaliscoUITests" */ = {
			isa = XCConfigurationList;
			buildConfigurations = (
				DC14AD731D7FDD6F0027FBA8 /* Debug */,
				DC14AD741D7FDD6F0027FBA8 /* Release */,
			);
			defaultConfigurationIsVisible = 0;
			defaultConfigurationName = Release;
		};
/* End XCConfigurationList section */
	};
	rootObject = DC14AD3A1D7FDD6F0027FBA8 /* Project object */;
}
